// !$*UTF8*$!
{
	archiveVersion = 1;
	classes = {
	};
	objectVersion = 50;
	objects = {

/* Begin PBXBuildFile section */
		F4CC47B723FF7A6A00350251 /* AppDelegate.swift in Sources */ = {isa = PBXBuildFile; fileRef = F4CC47B623FF7A6A00350251 /* AppDelegate.swift */; };
		F4CC47B923FF7A6A00350251 /* ContentView.swift in Sources */ = {isa = PBXBuildFile; fileRef = F4CC47B823FF7A6A00350251 /* ContentView.swift */; };
		F4CC47BB23FF7A6C00350251 /* Assets.xcassets in Resources */ = {isa = PBXBuildFile; fileRef = F4CC47BA23FF7A6C00350251 /* Assets.xcassets */; };
		F4CC47BE23FF7A6C00350251 /* Preview Assets.xcassets in Resources */ = {isa = PBXBuildFile; fileRef = F4CC47BD23FF7A6C00350251 /* Preview Assets.xcassets */; };
		F4CC47C123FF7A6C00350251 /* Main.storyboard in Resources */ = {isa = PBXBuildFile; fileRef = F4CC47BF23FF7A6C00350251 /* Main.storyboard */; };
		F4CC47CD23FF7A6C00350251 /* SiguienteTests.swift in Sources */ = {isa = PBXBuildFile; fileRef = F4CC47CC23FF7A6C00350251 /* SiguienteTests.swift */; };
/* End PBXBuildFile section */

/* Begin PBXContainerItemProxy section */
		F4CC47C923FF7A6C00350251 /* PBXContainerItemProxy */ = {
			isa = PBXContainerItemProxy;
			containerPortal = F4CC47AB23FF7A6A00350251 /* Project object */;
			proxyType = 1;
			remoteGlobalIDString = F4CC47B223FF7A6A00350251;
			remoteInfo = Siguiente;
		};
/* End PBXContainerItemProxy section */

/* Begin PBXFileReference section */
		F4CC47B323FF7A6A00350251 /* Siguiente.app */ = {isa = PBXFileReference; explicitFileType = wrapper.application; includeInIndex = 0; path = Siguiente.app; sourceTree = BUILT_PRODUCTS_DIR; };
		F4CC47B623FF7A6A00350251 /* AppDelegate.swift */ = {isa = PBXFileReference; lastKnownFileType = sourcecode.swift; path = AppDelegate.swift; sourceTree = "<group>"; };
		F4CC47B823FF7A6A00350251 /* ContentView.swift */ = {isa = PBXFileReference; lastKnownFileType = sourcecode.swift; path = ContentView.swift; sourceTree = "<group>"; };
		F4CC47BA23FF7A6C00350251 /* Assets.xcassets */ = {isa = PBXFileReference; lastKnownFileType = folder.assetcatalog; path = Assets.xcassets; sourceTree = "<group>"; };
		F4CC47BD23FF7A6C00350251 /* Preview Assets.xcassets */ = {isa = PBXFileReference; lastKnownFileType = folder.assetcatalog; path = "Preview Assets.xcassets"; sourceTree = "<group>"; };
		F4CC47C023FF7A6C00350251 /* Base */ = {isa = PBXFileReference; lastKnownFileType = file.storyboard; name = Base; path = Base.lproj/Main.storyboard; sourceTree = "<group>"; };
		F4CC47C223FF7A6C00350251 /* Info.plist */ = {isa = PBXFileReference; lastKnownFileType = text.plist.xml; path = Info.plist; sourceTree = "<group>"; };
		F4CC47C323FF7A6C00350251 /* Siguiente.entitlements */ = {isa = PBXFileReference; lastKnownFileType = text.plist.entitlements; path = Siguiente.entitlements; sourceTree = "<group>"; };
		F4CC47C823FF7A6C00350251 /* SiguienteTests.xctest */ = {isa = PBXFileReference; explicitFileType = wrapper.cfbundle; includeInIndex = 0; path = SiguienteTests.xctest; sourceTree = BUILT_PRODUCTS_DIR; };
		F4CC47CC23FF7A6C00350251 /* SiguienteTests.swift */ = {isa = PBXFileReference; lastKnownFileType = sourcecode.swift; path = SiguienteTests.swift; sourceTree = "<group>"; };
		F4CC47CE23FF7A6C00350251 /* Info.plist */ = {isa = PBXFileReference; lastKnownFileType = text.plist.xml; path = Info.plist; sourceTree = "<group>"; };
/* End PBXFileReference section */

/* Begin PBXFrameworksBuildPhase section */
		F4CC47B023FF7A6A00350251 /* Frameworks */ = {
			isa = PBXFrameworksBuildPhase;
			buildActionMask = 2147483647;
			files = (
			);
			runOnlyForDeploymentPostprocessing = 0;
		};
		F4CC47C523FF7A6C00350251 /* Frameworks */ = {
			isa = PBXFrameworksBuildPhase;
			buildActionMask = 2147483647;
			files = (
			);
			runOnlyForDeploymentPostprocessing = 0;
		};
/* End PBXFrameworksBuildPhase section */

/* Begin PBXGroup section */
		F4CC47AA23FF7A6A00350251 = {
			isa = PBXGroup;
			children = (
				F4CC47B523FF7A6A00350251 /* Siguiente */,
				F4CC47CB23FF7A6C00350251 /* SiguienteTests */,
				F4CC47B423FF7A6A00350251 /* Products */,
			);
			sourceTree = "<group>";
		};
		F4CC47B423FF7A6A00350251 /* Products */ = {
			isa = PBXGroup;
			children = (
				F4CC47B323FF7A6A00350251 /* Siguiente.app */,
				F4CC47C823FF7A6C00350251 /* SiguienteTests.xctest */,
			);
			name = Products;
			sourceTree = "<group>";
		};
		F4CC47B523FF7A6A00350251 /* Siguiente */ = {
			isa = PBXGroup;
			children = (
				F4CC47B623FF7A6A00350251 /* AppDelegate.swift */,
				F4CC47B823FF7A6A00350251 /* ContentView.swift */,
				F4CC47BA23FF7A6C00350251 /* Assets.xcassets */,
				F4CC47BF23FF7A6C00350251 /* Main.storyboard */,
				F4CC47C223FF7A6C00350251 /* Info.plist */,
				F4CC47C323FF7A6C00350251 /* Siguiente.entitlements */,
				F4CC47BC23FF7A6C00350251 /* Preview Content */,
			);
			path = Siguiente;
			sourceTree = "<group>";
		};
		F4CC47BC23FF7A6C00350251 /* Preview Content */ = {
			isa = PBXGroup;
			children = (
				F4CC47BD23FF7A6C00350251 /* Preview Assets.xcassets */,
			);
			path = "Preview Content";
			sourceTree = "<group>";
		};
		F4CC47CB23FF7A6C00350251 /* SiguienteTests */ = {
			isa = PBXGroup;
			children = (
				F4CC47CC23FF7A6C00350251 /* SiguienteTests.swift */,
				F4CC47CE23FF7A6C00350251 /* Info.plist */,
			);
			path = SiguienteTests;
			sourceTree = "<group>";
		};
/* End PBXGroup section */

/* Begin PBXNativeTarget section */
		F4CC47B223FF7A6A00350251 /* Siguiente */ = {
			isa = PBXNativeTarget;
			buildConfigurationList = F4CC47D123FF7A6C00350251 /* Build configuration list for PBXNativeTarget "Siguiente" */;
			buildPhases = (
				F4CC47AF23FF7A6A00350251 /* Sources */,
				F4CC47B023FF7A6A00350251 /* Frameworks */,
				F4CC47B123FF7A6A00350251 /* Resources */,
			);
			buildRules = (
			);
			dependencies = (
			);
			name = Siguiente;
			productName = Siguiente;
			productReference = F4CC47B323FF7A6A00350251 /* Siguiente.app */;
			productType = "com.apple.product-type.application";
		};
		F4CC47C723FF7A6C00350251 /* SiguienteTests */ = {
			isa = PBXNativeTarget;
			buildConfigurationList = F4CC47D423FF7A6C00350251 /* Build configuration list for PBXNativeTarget "SiguienteTests" */;
			buildPhases = (
				F4CC47C423FF7A6C00350251 /* Sources */,
				F4CC47C523FF7A6C00350251 /* Frameworks */,
				F4CC47C623FF7A6C00350251 /* Resources */,
			);
			buildRules = (
			);
			dependencies = (
				F4CC47CA23FF7A6C00350251 /* PBXTargetDependency */,
			);
			name = SiguienteTests;
			productName = SiguienteTests;
			productReference = F4CC47C823FF7A6C00350251 /* SiguienteTests.xctest */;
			productType = "com.apple.product-type.bundle.unit-test";
		};
/* End PBXNativeTarget section */

/* Begin PBXProject section */
		F4CC47AB23FF7A6A00350251 /* Project object */ = {
			isa = PBXProject;
			attributes = {
				LastSwiftUpdateCheck = 1130;
				LastUpgradeCheck = 1130;
				ORGANIZATIONNAME = "Itay Brenner";
				TargetAttributes = {
					F4CC47B223FF7A6A00350251 = {
						CreatedOnToolsVersion = 11.3.1;
					};
					F4CC47C723FF7A6C00350251 = {
						CreatedOnToolsVersion = 11.3.1;
						TestTargetID = F4CC47B223FF7A6A00350251;
					};
				};
			};
			buildConfigurationList = F4CC47AE23FF7A6A00350251 /* Build configuration list for PBXProject "Siguiente" */;
			compatibilityVersion = "Xcode 9.3";
			developmentRegion = en;
			hasScannedForEncodings = 0;
			knownRegions = (
				en,
				Base,
			);
			mainGroup = F4CC47AA23FF7A6A00350251;
			productRefGroup = F4CC47B423FF7A6A00350251 /* Products */;
			projectDirPath = "";
			projectRoot = "";
			targets = (
				F4CC47B223FF7A6A00350251 /* Siguiente */,
				F4CC47C723FF7A6C00350251 /* SiguienteTests */,
			);
		};
/* End PBXProject section */

/* Begin PBXResourcesBuildPhase section */
		F4CC47B123FF7A6A00350251 /* Resources */ = {
			isa = PBXResourcesBuildPhase;
			buildActionMask = 2147483647;
			files = (
				F4CC47C123FF7A6C00350251 /* Main.storyboard in Resources */,
				F4CC47BE23FF7A6C00350251 /* Preview Assets.xcassets in Resources */,
				F4CC47BB23FF7A6C00350251 /* Assets.xcassets in Resources */,
			);
			runOnlyForDeploymentPostprocessing = 0;
		};
		F4CC47C623FF7A6C00350251 /* Resources */ = {
			isa = PBXResourcesBuildPhase;
			buildActionMask = 2147483647;
			files = (
			);
			runOnlyForDeploymentPostprocessing = 0;
		};
/* End PBXResourcesBuildPhase section */

/* Begin PBXSourcesBuildPhase section */
		F4CC47AF23FF7A6A00350251 /* Sources */ = {
			isa = PBXSourcesBuildPhase;
			buildActionMask = 2147483647;
			files = (
				F4CC47B923FF7A6A00350251 /* ContentView.swift in Sources */,
				F4CC47B723FF7A6A00350251 /* AppDelegate.swift in Sources */,
			);
			runOnlyForDeploymentPostprocessing = 0;
		};
		F4CC47C423FF7A6C00350251 /* Sources */ = {
			isa = PBXSourcesBuildPhase;
			buildActionMask = 2147483647;
			files = (
				F4CC47CD23FF7A6C00350251 /* SiguienteTests.swift in Sources */,
			);
			runOnlyForDeploymentPostprocessing = 0;
		};
/* End PBXSourcesBuildPhase section */

/* Begin PBXTargetDependency section */
		F4CC47CA23FF7A6C00350251 /* PBXTargetDependency */ = {
			isa = PBXTargetDependency;
			target = F4CC47B223FF7A6A00350251 /* Siguiente */;
			targetProxy = F4CC47C923FF7A6C00350251 /* PBXContainerItemProxy */;
		};
/* End PBXTargetDependency section */

/* Begin PBXVariantGroup section */
		F4CC47BF23FF7A6C00350251 /* Main.storyboard */ = {
			isa = PBXVariantGroup;
			children = (
				F4CC47C023FF7A6C00350251 /* Base */,
			);
			name = Main.storyboard;
			sourceTree = "<group>";
		};
/* End PBXVariantGroup section */

/* Begin XCBuildConfiguration section */
		F4CC47CF23FF7A6C00350251 /* Debug */ = {
			isa = XCBuildConfiguration;
			buildSettings = {
				ALWAYS_SEARCH_USER_PATHS = NO;
				CLANG_ANALYZER_NONNULL = YES;
				CLANG_ANALYZER_NUMBER_OBJECT_CONVERSION = YES_AGGRESSIVE;
				CLANG_CXX_LANGUAGE_STANDARD = "gnu++14";
				CLANG_CXX_LIBRARY = "libc++";
				CLANG_ENABLE_MODULES = YES;
				CLANG_ENABLE_OBJC_ARC = YES;
				CLANG_ENABLE_OBJC_WEAK = YES;
				CLANG_WARN_BLOCK_CAPTURE_AUTORELEASING = YES;
				CLANG_WARN_BOOL_CONVERSION = YES;
				CLANG_WARN_COMMA = YES;
				CLANG_WARN_CONSTANT_CONVERSION = YES;
				CLANG_WARN_DEPRECATED_OBJC_IMPLEMENTATIONS = YES;
				CLANG_WARN_DIRECT_OBJC_ISA_USAGE = YES_ERROR;
				CLANG_WARN_DOCUMENTATION_COMMENTS = YES;
				CLANG_WARN_EMPTY_BODY = YES;
				CLANG_WARN_ENUM_CONVERSION = YES;
				CLANG_WARN_INFINITE_RECURSION = YES;
				CLANG_WARN_INT_CONVERSION = YES;
				CLANG_WARN_NON_LITERAL_NULL_CONVERSION = YES;
				CLANG_WARN_OBJC_IMPLICIT_RETAIN_SELF = YES;
				CLANG_WARN_OBJC_LITERAL_CONVERSION = YES;
				CLANG_WARN_OBJC_ROOT_CLASS = YES_ERROR;
				CLANG_WARN_RANGE_LOOP_ANALYSIS = YES;
				CLANG_WARN_STRICT_PROTOTYPES = YES;
				CLANG_WARN_SUSPICIOUS_MOVE = YES;
				CLANG_WARN_UNGUARDED_AVAILABILITY = YES_AGGRESSIVE;
				CLANG_WARN_UNREACHABLE_CODE = YES;
				CLANG_WARN__DUPLICATE_METHOD_MATCH = YES;
				COPY_PHASE_STRIP = NO;
				DEBUG_INFORMATION_FORMAT = dwarf;
				ENABLE_STRICT_OBJC_MSGSEND = YES;
				ENABLE_TESTABILITY = YES;
				GCC_C_LANGUAGE_STANDARD = gnu11;
				GCC_DYNAMIC_NO_PIC = NO;
				GCC_NO_COMMON_BLOCKS = YES;
				GCC_OPTIMIZATION_LEVEL = 0;
				GCC_PREPROCESSOR_DEFINITIONS = (
					"DEBUG=1",
					"$(inherited)",
				);
				GCC_WARN_64_TO_32_BIT_CONVERSION = YES;
				GCC_WARN_ABOUT_RETURN_TYPE = YES_ERROR;
				GCC_WARN_UNDECLARED_SELECTOR = YES;
				GCC_WARN_UNINITIALIZED_AUTOS = YES_AGGRESSIVE;
				GCC_WARN_UNUSED_FUNCTION = YES;
				GCC_WARN_UNUSED_VARIABLE = YES;
				MACOSX_DEPLOYMENT_TARGET = 10.15;
				MTL_ENABLE_DEBUG_INFO = INCLUDE_SOURCE;
				MTL_FAST_MATH = YES;
				ONLY_ACTIVE_ARCH = YES;
				SDKROOT = macosx;
				SWIFT_ACTIVE_COMPILATION_CONDITIONS = DEBUG;
				SWIFT_OPTIMIZATION_LEVEL = "-Onone";
			};
			name = Debug;
		};
		F4CC47D023FF7A6C00350251 /* Release */ = {
			isa = XCBuildConfiguration;
			buildSettings = {
				ALWAYS_SEARCH_USER_PATHS = NO;
				CLANG_ANALYZER_NONNULL = YES;
				CLANG_ANALYZER_NUMBER_OBJECT_CONVERSION = YES_AGGRESSIVE;
				CLANG_CXX_LANGUAGE_STANDARD = "gnu++14";
				CLANG_CXX_LIBRARY = "libc++";
				CLANG_ENABLE_MODULES = YES;
				CLANG_ENABLE_OBJC_ARC = YES;
				CLANG_ENABLE_OBJC_WEAK = YES;
				CLANG_WARN_BLOCK_CAPTURE_AUTORELEASING = YES;
				CLANG_WARN_BOOL_CONVERSION = YES;
				CLANG_WARN_COMMA = YES;
				CLANG_WARN_CONSTANT_CONVERSION = YES;
				CLANG_WARN_DEPRECATED_OBJC_IMPLEMENTATIONS = YES;
				CLANG_WARN_DIRECT_OBJC_ISA_USAGE = YES_ERROR;
				CLANG_WARN_DOCUMENTATION_COMMENTS = YES;
				CLANG_WARN_EMPTY_BODY = YES;
				CLANG_WARN_ENUM_CONVERSION = YES;
				CLANG_WARN_INFINITE_RECURSION = YES;
				CLANG_WARN_INT_CONVERSION = YES;
				CLANG_WARN_NON_LITERAL_NULL_CONVERSION = YES;
				CLANG_WARN_OBJC_IMPLICIT_RETAIN_SELF = YES;
				CLANG_WARN_OBJC_LITERAL_CONVERSION = YES;
				CLANG_WARN_OBJC_ROOT_CLASS = YES_ERROR;
				CLANG_WARN_RANGE_LOOP_ANALYSIS = YES;
				CLANG_WARN_STRICT_PROTOTYPES = YES;
				CLANG_WARN_SUSPICIOUS_MOVE = YES;
				CLANG_WARN_UNGUARDED_AVAILABILITY = YES_AGGRESSIVE;
				CLANG_WARN_UNREACHABLE_CODE = YES;
				CLANG_WARN__DUPLICATE_METHOD_MATCH = YES;
				COPY_PHASE_STRIP = NO;
				DEBUG_INFORMATION_FORMAT = "dwarf-with-dsym";
				ENABLE_NS_ASSERTIONS = NO;
				ENABLE_STRICT_OBJC_MSGSEND = YES;
				GCC_C_LANGUAGE_STANDARD = gnu11;
				GCC_NO_COMMON_BLOCKS = YES;
				GCC_WARN_64_TO_32_BIT_CONVERSION = YES;
				GCC_WARN_ABOUT_RETURN_TYPE = YES_ERROR;
				GCC_WARN_UNDECLARED_SELECTOR = YES;
				GCC_WARN_UNINITIALIZED_AUTOS = YES_AGGRESSIVE;
				GCC_WARN_UNUSED_FUNCTION = YES;
				GCC_WARN_UNUSED_VARIABLE = YES;
				MACOSX_DEPLOYMENT_TARGET = 10.15;
				MTL_ENABLE_DEBUG_INFO = NO;
				MTL_FAST_MATH = YES;
				SDKROOT = macosx;
				SWIFT_COMPILATION_MODE = wholemodule;
				SWIFT_OPTIMIZATION_LEVEL = "-O";
			};
			name = Release;
		};
		F4CC47D223FF7A6C00350251 /* Debug */ = {
			isa = XCBuildConfiguration;
			buildSettings = {
				ASSETCATALOG_COMPILER_APPICON_NAME = AppIcon;
				CODE_SIGN_ENTITLEMENTS = Siguiente/Siguiente.entitlements;
				CODE_SIGN_STYLE = Automatic;
				COMBINE_HIDPI_IMAGES = YES;
				DEVELOPMENT_ASSET_PATHS = "\"Siguiente/Preview Content\"";
				ENABLE_PREVIEWS = YES;
				INFOPLIST_FILE = Siguiente/Info.plist;
				LD_RUNPATH_SEARCH_PATHS = (
					"$(inherited)",
					"@executable_path/../Frameworks",
				);
				MACOSX_DEPLOYMENT_TARGET = 10.15;
				PRODUCT_BUNDLE_IDENTIFIER = com.itaysoft.Siguiente;
				PRODUCT_NAME = "$(TARGET_NAME)";
				SWIFT_VERSION = 5.0;
			};
			name = Debug;
		};
		F4CC47D323FF7A6C00350251 /* Release */ = {
			isa = XCBuildConfiguration;
			buildSettings = {
				ASSETCATALOG_COMPILER_APPICON_NAME = AppIcon;
				CODE_SIGN_ENTITLEMENTS = Siguiente/Siguiente.entitlements;
				CODE_SIGN_STYLE = Automatic;
				COMBINE_HIDPI_IMAGES = YES;
				DEVELOPMENT_ASSET_PATHS = "\"Siguiente/Preview Content\"";
				ENABLE_PREVIEWS = YES;
				INFOPLIST_FILE = Siguiente/Info.plist;
				LD_RUNPATH_SEARCH_PATHS = (
					"$(inherited)",
					"@executable_path/../Frameworks",
				);
				MACOSX_DEPLOYMENT_TARGET = 10.15;
				PRODUCT_BUNDLE_IDENTIFIER = com.itaysoft.Siguiente;
				PRODUCT_NAME = "$(TARGET_NAME)";
				SWIFT_VERSION = 5.0;
			};
			name = Release;
		};
		F4CC47D523FF7A6C00350251 /* Debug */ = {
			isa = XCBuildConfiguration;
			buildSettings = {
				ALWAYS_EMBED_SWIFT_STANDARD_LIBRARIES = YES;
				BUNDLE_LOADER = "$(TEST_HOST)";
				CODE_SIGN_STYLE = Automatic;
				COMBINE_HIDPI_IMAGES = YES;
				INFOPLIST_FILE = SiguienteTests/Info.plist;
				LD_RUNPATH_SEARCH_PATHS = (
					"$(inherited)",
					"@executable_path/../Frameworks",
					"@loader_path/../Frameworks",
				);
				MACOSX_DEPLOYMENT_TARGET = 10.15;
				PRODUCT_BUNDLE_IDENTIFIER = com.itaysoft.SiguienteTests;
				PRODUCT_NAME = "$(TARGET_NAME)";
				SWIFT_VERSION = 5.0;
				TEST_HOST = "$(BUILT_PRODUCTS_DIR)/Siguiente.app/Contents/MacOS/Siguiente";
			};
			name = Debug;
		};
		F4CC47D623FF7A6C00350251 /* Release */ = {
			isa = XCBuildConfiguration;
			buildSettings = {
				ALWAYS_EMBED_SWIFT_STANDARD_LIBRARIES = YES;
				BUNDLE_LOADER = "$(TEST_HOST)";
				CODE_SIGN_STYLE = Automatic;
				COMBINE_HIDPI_IMAGES = YES;
				INFOPLIST_FILE = SiguienteTests/Info.plist;
				LD_RUNPATH_SEARCH_PATHS = (
					"$(inherited)",
					"@executable_path/../Frameworks",
					"@loader_path/../Frameworks",
				);
				MACOSX_DEPLOYMENT_TARGET = 10.15;
				PRODUCT_BUNDLE_IDENTIFIER = com.itaysoft.SiguienteTests;
				PRODUCT_NAME = "$(TARGET_NAME)";
				SWIFT_VERSION = 5.0;
				TEST_HOST = "$(BUILT_PRODUCTS_DIR)/Siguiente.app/Contents/MacOS/Siguiente";
			};
			name = Release;
		};
/* End XCBuildConfiguration section */

/* Begin XCConfigurationList section */
		F4CC47AE23FF7A6A00350251 /* Build configuration list for PBXProject "Siguiente" */ = {
			isa = XCConfigurationList;
			buildConfigurations = (
				F4CC47CF23FF7A6C00350251 /* Debug */,
				F4CC47D023FF7A6C00350251 /* Release */,
			);
			defaultConfigurationIsVisible = 0;
			defaultConfigurationName = Release;
		};
		F4CC47D123FF7A6C00350251 /* Build configuration list for PBXNativeTarget "Siguiente" */ = {
			isa = XCConfigurationList;
			buildConfigurations = (
				F4CC47D223FF7A6C00350251 /* Debug */,
				F4CC47D323FF7A6C00350251 /* Release */,
			);
			defaultConfigurationIsVisible = 0;
			defaultConfigurationName = Release;
		};
		F4CC47D423FF7A6C00350251 /* Build configuration list for PBXNativeTarget "SiguienteTests" */ = {
			isa = XCConfigurationList;
			buildConfigurations = (
				F4CC47D523FF7A6C00350251 /* Debug */,
				F4CC47D623FF7A6C00350251 /* Release */,
			);
			defaultConfigurationIsVisible = 0;
			defaultConfigurationName = Release;
		};
/* End XCConfigurationList section */
	};
	rootObject = F4CC47AB23FF7A6A00350251 /* Project object */;
}
